
Microsoft Visual Studio Solution File, Format Version 12.00
# Visual Studio 15
VisualStudioVersion = 15.0.28010.2026
MinimumVisualStudioVersion = 10.0.40219.1
Project("{FAE04EC0-301F-11D3-BF4B-00C04F79EFBC}") = "netCoreAPITest", "netCoreAPITest\netCoreAPITest.csproj", "{7EAB14FA-9FD3-445A-9553-99750432C167}"
EndProject
Global
	GlobalSection(SolutionConfigurationPlatforms) = preSolution
		Debug|Any CPU = Debug|Any CPU
		Release|Any CPU = Release|Any CPU
	EndGlobalSection
	GlobalSection(ProjectConfigurationPlatforms) = postSolution
		{7EAB14FA-9FD3-445A-9553-99750432C167}.Debug|Any CPU.ActiveCfg = Debug|Any CPU
		{7EAB14FA-9FD3-445A-9553-99750432C167}.Debug|Any CPU.Build.0 = Debug|Any CPU
		{7EAB14FA-9FD3-445A-9553-99750432C167}.Release|Any CPU.ActiveCfg = Release|Any CPU
		{7EAB14FA-9FD3-445A-9553-99750432C167}.Release|Any CPU.Build.0 = Release|Any CPU
	EndGlobalSection
	GlobalSection(SolutionProperties) = preSolution
		HideSolutionNode = FALSE
	EndGlobalSection
	GlobalSection(ExtensibilityGlobals) = postSolution
		SolutionGuid = {27A75A46-13A3-49CE-A50B-BFF9007890B2}
	EndGlobalSection
EndGlobal
